
Microsoft Visual Studio Solution File, Format Version 12.00
# Visual Studio Version 17
VisualStudioVersion = 17.4.33110.190
MinimumVisualStudioVersion = 10.0.40219.1
Project("{2150E333-8FDC-42A3-9474-1A3956D46DE8}") = "src", "src", "{75A02DB4-D6F1-4882-B669-5D1A609BDBC1}"
EndProject
Project("{2150E333-8FDC-42A3-9474-1A3956D46DE8}") = "tests", "tests", "{64843F62-118D-464C-AAD0-AE3870198CEE}"
EndProject
Project("{FAE04EC0-301F-11D3-BF4B-00C04F79EFBC}") = "POS.Domain", "POS.Domain\POS.Domain.csproj", "{B766A01D-B79C-4F7C-9558-8C0FEEB449FF}"
EndProject
Project("{FAE04EC0-301F-11D3-BF4B-00C04F79EFBC}") = "POS.Infrastructure", "POS.Infrastructure\POS.Infrastructure.csproj", "{5623DFBD-2DBC-4B72-99D1-60D8EA3C5CD4}"
EndProject
Project("{FAE04EC0-301F-11D3-BF4B-00C04F79EFBC}") = "POS.Application", "POS.Application\POS.Application.csproj", "{74B71577-478B-4030-81D5-04025C9A284F}"
EndProject
Project("{FAE04EC0-301F-11D3-BF4B-00C04F79EFBC}") = "POS.Api", "POS.Api\POS.Api.csproj", "{94594E36-12DC-464E-A52A-ED9E1B9D3FD0}"
EndProject
Project("{FAE04EC0-301F-11D3-BF4B-00C04F79EFBC}") = "POS.Utilities", "POS.Utilities\POS.Utilities.csproj", "{5A04C12B-0AC9-4CD9-8C33-4A0E3E745ECF}"
EndProject
Project("{FAE04EC0-301F-11D3-BF4B-00C04F79EFBC}") = "POS.Test", "POS.Test\POS.Test.csproj", "{5498EF75-53BA-4509-9D34-507D63D9046E}"
EndProject
Global
	GlobalSection(SolutionConfigurationPlatforms) = preSolution
		Debug|Any CPU = Debug|Any CPU
		Release|Any CPU = Release|Any CPU
	EndGlobalSection
	GlobalSection(ProjectConfigurationPlatforms) = postSolution
		{B766A01D-B79C-4F7C-9558-8C0FEEB449FF}.Debug|Any CPU.ActiveCfg = Debug|Any CPU
		{B766A01D-B79C-4F7C-9558-8C0FEEB449FF}.Debug|Any CPU.Build.0 = Debug|Any CPU
		{B766A01D-B79C-4F7C-9558-8C0FEEB449FF}.Release|Any CPU.ActiveCfg = Release|Any CPU
		{B766A01D-B79C-4F7C-9558-8C0FEEB449FF}.Release|Any CPU.Build.0 = Release|Any CPU
		{5623DFBD-2DBC-4B72-99D1-60D8EA3C5CD4}.Debug|Any CPU.ActiveCfg = Debug|Any CPU
		{5623DFBD-2DBC-4B72-99D1-60D8EA3C5CD4}.Debug|Any CPU.Build.0 = Debug|Any CPU
		{5623DFBD-2DBC-4B72-99D1-60D8EA3C5CD4}.Release|Any CPU.ActiveCfg = Release|Any CPU
		{5623DFBD-2DBC-4B72-99D1-60D8EA3C5CD4}.Release|Any CPU.Build.0 = Release|Any CPU
		{74B71577-478B-4030-81D5-04025C9A284F}.Debug|Any CPU.ActiveCfg = Debug|Any CPU
		{74B71577-478B-4030-81D5-04025C9A284F}.Debug|Any CPU.Build.0 = Debug|Any CPU
		{74B71577-478B-4030-81D5-04025C9A284F}.Release|Any CPU.ActiveCfg = Release|Any CPU
		{74B71577-478B-4030-81D5-04025C9A284F}.Release|Any CPU.Build.0 = Release|Any CPU
		{94594E36-12DC-464E-A52A-ED9E1B9D3FD0}.Debug|Any CPU.ActiveCfg = Debug|Any CPU
		{94594E36-12DC-464E-A52A-ED9E1B9D3FD0}.Debug|Any CPU.Build.0 = Debug|Any CPU
		{94594E36-12DC-464E-A52A-ED9E1B9D3FD0}.Release|Any CPU.ActiveCfg = Release|Any CPU
		{94594E36-12DC-464E-A52A-ED9E1B9D3FD0}.Release|Any CPU.Build.0 = Release|Any CPU
		{5A04C12B-0AC9-4CD9-8C33-4A0E3E745ECF}.Debug|Any CPU.ActiveCfg = Debug|Any CPU
		{5A04C12B-0AC9-4CD9-8C33-4A0E3E745ECF}.Debug|Any CPU.Build.0 = Debug|Any CPU
		{5A04C12B-0AC9-4CD9-8C33-4A0E3E745ECF}.Release|Any CPU.ActiveCfg = Release|Any CPU
		{5A04C12B-0AC9-4CD9-8C33-4A0E3E745ECF}.Release|Any CPU.Build.0 = Release|Any CPU
		{5498EF75-53BA-4509-9D34-507D63D9046E}.Debug|Any CPU.ActiveCfg = Debug|Any CPU
		{5498EF75-53BA-4509-9D34-507D63D9046E}.Debug|Any CPU.Build.0 = Debug|Any CPU
		{5498EF75-53BA-4509-9D34-507D63D9046E}.Release|Any CPU.ActiveCfg = Release|Any CPU
		{5498EF75-53BA-4509-9D34-507D63D9046E}.Release|Any CPU.Build.0 = Release|Any CPU
	EndGlobalSection
	GlobalSection(SolutionProperties) = preSolution
		HideSolutionNode = FALSE
	EndGlobalSection
	GlobalSection(NestedProjects) = preSolution
		{B766A01D-B79C-4F7C-9558-8C0FEEB449FF} = {75A02DB4-D6F1-4882-B669-5D1A609BDBC1}
		{5623DFBD-2DBC-4B72-99D1-60D8EA3C5CD4} = {75A02DB4-D6F1-4882-B669-5D1A609BDBC1}
		{74B71577-478B-4030-81D5-04025C9A284F} = {75A02DB4-D6F1-4882-B669-5D1A609BDBC1}
		{94594E36-12DC-464E-A52A-ED9E1B9D3FD0} = {75A02DB4-D6F1-4882-B669-5D1A609BDBC1}
		{5A04C12B-0AC9-4CD9-8C33-4A0E3E745ECF} = {75A02DB4-D6F1-4882-B669-5D1A609BDBC1}
		{5498EF75-53BA-4509-9D34-507D63D9046E} = {64843F62-118D-464C-AAD0-AE3870198CEE}
	EndGlobalSection
	GlobalSection(ExtensibilityGlobals) = postSolution
		SolutionGuid = {C2646891-AE17-4926-A673-ED02C566844E}
	EndGlobalSection
EndGlobal
